
Microsoft Visual Studio Solution File, Format Version 12.00
# Visual Studio Version 17
VisualStudioVersion = 17.9.34723.18
MinimumVisualStudioVersion = 10.0.40219.1
Project("{9A19103F-16F7-4668-BE54-9A1E7A4F7556}") = "anonylist_funcs", "anonylist_funcs.csproj", "{87BE80C0-6204-4799-A1C3-3BB521E8B30C}"
EndProject
Global
	GlobalSection(SolutionConfigurationPlatforms) = preSolution
		Debug|Any CPU = Debug|Any CPU
		Release|Any CPU = Release|Any CPU
	EndGlobalSection
	GlobalSection(ProjectConfigurationPlatforms) = postSolution
		{87BE80C0-6204-4799-A1C3-3BB521E8B30C}.Debug|Any CPU.ActiveCfg = Debug|Any CPU
		{87BE80C0-6204-4799-A1C3-3BB521E8B30C}.Debug|Any CPU.Build.0 = Debug|Any CPU
		{87BE80C0-6204-4799-A1C3-3BB521E8B30C}.Release|Any CPU.ActiveCfg = Release|Any CPU
		{87BE80C0-6204-4799-A1C3-3BB521E8B30C}.Release|Any CPU.Build.0 = Release|Any CPU
	EndGlobalSection
	GlobalSection(SolutionProperties) = preSolution
		HideSolutionNode = FALSE
	EndGlobalSection
	GlobalSection(ExtensibilityGlobals) = postSolution
		SolutionGuid = {321497F6-9C4E-4009-B5E5-21D93D1A0FFE}
	EndGlobalSection
EndGlobal
